
Microsoft Visual Studio Solution File, Format Version 12.00
# Visual Studio 14
VisualStudioVersion = 14.0.25420.1
MinimumVisualStudioVersion = 10.0.40219.1
Project("{FAE04EC0-301F-11D3-BF4B-00C04F79EFBC}") = "SimpleBlog.Data", "SimpleBlog.Data\SimpleBlog.Data.csproj", "{434AE411-1328-4472-8FAD-28F50BB893AD}"
EndProject
Project("{FAE04EC0-301F-11D3-BF4B-00C04F79EFBC}") = "SimpleBlog.Model", "SimpleBlog.Model\SimpleBlog.Model.csproj", "{FF047CBE-ED54-4235-9989-0EA919821CA7}"
EndProject
Project("{FAE04EC0-301F-11D3-BF4B-00C04F79EFBC}") = "SimpleBlog.Service", "SimpleBlog.Service\SimpleBlog.Service.csproj", "{74061732-A2D8-46DA-B6BB-61EDF0151B11}"
EndProject
Project("{FAE04EC0-301F-11D3-BF4B-00C04F79EFBC}") = "SimpleBlog.WebApp", "SimpleBlog.WebApp\SimpleBlog.WebApp.csproj", "{921CB7F6-28CC-457B-BC0B-804F5F3A601F}"
EndProject
Global
	GlobalSection(SolutionConfigurationPlatforms) = preSolution
		Debug|Any CPU = Debug|Any CPU
		Release|Any CPU = Release|Any CPU
	EndGlobalSection
	GlobalSection(ProjectConfigurationPlatforms) = postSolution
		{434AE411-1328-4472-8FAD-28F50BB893AD}.Debug|Any CPU.ActiveCfg = Debug|Any CPU
		{434AE411-1328-4472-8FAD-28F50BB893AD}.Debug|Any CPU.Build.0 = Debug|Any CPU
		{434AE411-1328-4472-8FAD-28F50BB893AD}.Release|Any CPU.ActiveCfg = Release|Any CPU
		{434AE411-1328-4472-8FAD-28F50BB893AD}.Release|Any CPU.Build.0 = Release|Any CPU
		{FF047CBE-ED54-4235-9989-0EA919821CA7}.Debug|Any CPU.ActiveCfg = Debug|Any CPU
		{FF047CBE-ED54-4235-9989-0EA919821CA7}.Debug|Any CPU.Build.0 = Debug|Any CPU
		{FF047CBE-ED54-4235-9989-0EA919821CA7}.Release|Any CPU.ActiveCfg = Release|Any CPU
		{FF047CBE-ED54-4235-9989-0EA919821CA7}.Release|Any CPU.Build.0 = Release|Any CPU
		{74061732-A2D8-46DA-B6BB-61EDF0151B11}.Debug|Any CPU.ActiveCfg = Debug|Any CPU
		{74061732-A2D8-46DA-B6BB-61EDF0151B11}.Debug|Any CPU.Build.0 = Debug|Any CPU
		{74061732-A2D8-46DA-B6BB-61EDF0151B11}.Release|Any CPU.ActiveCfg = Release|Any CPU
		{74061732-A2D8-46DA-B6BB-61EDF0151B11}.Release|Any CPU.Build.0 = Release|Any CPU
		{921CB7F6-28CC-457B-BC0B-804F5F3A601F}.Debug|Any CPU.ActiveCfg = Debug|Any CPU
		{921CB7F6-28CC-457B-BC0B-804F5F3A601F}.Debug|Any CPU.Build.0 = Debug|Any CPU
		{921CB7F6-28CC-457B-BC0B-804F5F3A601F}.Release|Any CPU.ActiveCfg = Release|Any CPU
		{921CB7F6-28CC-457B-BC0B-804F5F3A601F}.Release|Any CPU.Build.0 = Release|Any CPU
	EndGlobalSection
	GlobalSection(SolutionProperties) = preSolution
		HideSolutionNode = FALSE
	EndGlobalSection
EndGlobal
